{
    "_meta": {
        "hash": {
            "sha256": "3df4731c21ae096da9f175ab4b1317f4457aef0496f0df31ddf1206671ca4009"
        },
        "pipfile-spec": 6,
        "requires": {
            "python_version": "3"
        },
        "sources": [
            {
                "name": "pypi",
                "url": "https://pypi.org/simple",
                "verify_ssl": true
            }
        ]
    },
    "default": {
        "coverage": {
            "hashes": [
                "sha256:08b3ba72bd981531fd557f67beee376d6700fba183b167857038997ba30dd297",
                "sha256:2757fa64e11ec12220968f65d086b7a29b6583d16e9a544c889b22ba98555ef1",
                "sha256:3102bb2c206700a7d28181dbe04d66b30780cde1d1c02c5f3c165cf3d2489497",
                "sha256:3498b27d8236057def41de3585f317abae235dd3a11d33e01736ffedb2ef8606",
                "sha256:378ac77af41350a8c6b8801a66021b52da8a05fd77e578b7380e876c0ce4f528",
                "sha256:38f16b1317b8dd82df67ed5daa5f5e7c959e46579840d77a67a4ceb9cef0a50b",
                "sha256:3911c2ef96e5ddc748a3c8b4702c61986628bb719b8378bf1e4a6184bbd48fe4",
                "sha256:3a3c3f8863255f3c31db3889f8055989527173ef6192a283eb6f4db3c579d830",
                "sha256:3b14b1da110ea50c8bcbadc3b82c3933974dbeea1832e814aab93ca1163cd4c1",
                "sha256:535dc1e6e68fad5355f9984d5637c33badbdc987b0c0d303ee95a6c979c9516f",
                "sha256:6f61319e33222591f885c598e3e24f6a4be3533c1d70c19e0dc59e83a71ce27d",
                "sha256:723d22d324e7997a651478e9c5a3120a0ecbc9a7e94071f7e1954562a8806cf3",
                "sha256:76b2775dda7e78680d688daabcb485dc87cf5e3184a0b3e012e1d40e38527cc8",
                "sha256:782a5c7df9f91979a7a21792e09b34a658058896628217ae6362088b123c8500",
                "sha256:7e4d159021c2029b958b2363abec4a11db0ce8cd43abb0d9ce44284cb97217e7",
                "sha256:8dacc4073c359f40fcf73aede8428c35f84639baad7e1b46fce5ab7a8a7be4bb",
                "sha256:8f33d1156241c43755137288dea619105477961cfa7e47f48dbf96bc2c30720b",
                "sha256:8ffd4b204d7de77b5dd558cdff986a8274796a1e57813ed005b33fd97e29f059",
                "sha256:93a280c9eb736a0dcca19296f3c30c720cb41a71b1f9e617f341f0a8e791a69b",
                "sha256:9a4f66259bdd6964d8cf26142733c81fb562252db74ea367d9beb4f815478e72",
                "sha256:9a9d4ff06804920388aab69c5ea8a77525cf165356db70131616acd269e19b36",
                "sha256:a2070c5affdb3a5e751f24208c5c4f3d5f008fa04d28731416e023c93b275277",
                "sha256:a4857f7e2bc6921dbd487c5c88b84f5633de3e7d416c4dc0bb70256775551a6c",
                "sha256:a607ae05b6c96057ba86c811d9c43423f35e03874ffb03fbdcd45e0637e8b631",
                "sha256:a66ca3bdf21c653e47f726ca57f46ba7fc1f260ad99ba783acc3e58e3ebdb9ff",
                "sha256:ab110c48bc3d97b4d19af41865e14531f300b482da21783fdaacd159251890e8",
                "sha256:b239711e774c8eb910e9b1ac719f02f5ae4bf35fa0420f438cdc3a7e4e7dd6ec",
                "sha256:be0416074d7f253865bb67630cf7210cbc14eb05f4099cc0f82430135aaa7a3b",
                "sha256:c46643970dff9f5c976c6512fd35768c4a3819f01f61169d8cdac3f9290903b7",
                "sha256:c5ec71fd4a43b6d84ddb88c1df94572479d9a26ef3f150cef3dacefecf888105",
                "sha256:c6e5174f8ca585755988bc278c8bb5d02d9dc2e971591ef4a1baabdf2d99589b",
                "sha256:c89b558f8a9a5a6f2cfc923c304d49f0ce629c3bd85cb442ca258ec20366394c",
                "sha256:cc44e3545d908ecf3e5773266c487ad1877be718d9dc65fc7eb6e7d14960985b",
                "sha256:cc6f8246e74dd210d7e2b56c76ceaba1cc52b025cd75dbe96eb48791e0250e98",
                "sha256:cd556c79ad665faeae28020a0ab3bda6cd47d94bec48e36970719b0b86e4dcf4",
                "sha256:ce6f3a147b4b1a8b09aae48517ae91139b1b010c5f36423fa2b866a8b23df879",
                "sha256:ceb499d2b3d1d7b7ba23abe8bf26df5f06ba8c71127f188333dddcf356b4b63f",
                "sha256:cef06fb382557f66d81d804230c11ab292d94b840b3cb7bf4450778377b592f4",
                "sha256:e448f56cfeae7b1b3b5bcd99bb377cde7c4eb1970a525c770720a352bc4c8044",
                "sha256:e52d3d95df81c8f6b2a1685aabffadf2d2d9ad97203a40f8d61e51b70f191e4e",
                "sha256:ee2f1d1c223c3d2c24e3afbb2dd38be3f03b1a8d6a83ee3d9eb8c36a52bee899",
                "sha256:f2c6888eada180814b8583c3e793f3f343a692fc802546eed45f40a001b1169f",
                "sha256:f51dbba78d68a44e99d484ca8c8f604f17e957c1ca09c3ebc2c7e3bbd9ba0448",
                "sha256:f54de00baf200b4539a5a092a759f000b5f45fd226d6d25a76b0dff71177a714",
                "sha256:fa10fee7e32213f5c7b0d6428ea92e3a3fdd6d725590238a3f92c0de1c78b9d2",
                "sha256:fabeeb121735d47d8eab8671b6b031ce08514c86b7ad8f7d5490a7b6dcd6267d",
                "sha256:fac3c432851038b3e6afe086f777732bcf7f6ebbfd90951fa04ee53db6d0bcdd",
                "sha256:fda29412a66099af6d6de0baa6bd7c52674de177ec2ad2630ca264142d69c6c7",
                "sha256:ff1330e8bc996570221b450e2d539134baa9465f5cb98aff0e0f73f34172e0ae"
            ],
            "index": "pypi",
            "version": "==5.3.1"
        },
        "python-http-client": {
            "hashes": [
                "sha256:67e6a7bea19b03e14dc971480d3531b80becfc203d6c69478561bf7844d52661"
            ],
            "markers": "python_version >= '2.7' and python_version not in '3.0, 3.1, 3.2, 3.3'",
            "version": "==3.3.2"
        },
        "pyyaml": {
            "hashes": [
                "sha256:02c78d77281d8f8d07a255e57abdbf43b02257f59f50cc6b636937d68efa5dd0",
                "sha256:0dc9f2eb2e3c97640928dec63fd8dc1dd91e6b6ed236bd5ac00332b99b5c2ff9",
                "sha256:124fd7c7bc1e95b1eafc60825f2daf67c73ce7b33f1194731240d24b0d1bf628",
                "sha256:26fcb33776857f4072601502d93e1a619f166c9c00befb52826e7b774efaa9db",
                "sha256:31ba07c54ef4a897758563e3a0fcc60077698df10180abe4b8165d9895c00ebf",
                "sha256:3c49e39ac034fd64fd576d63bb4db53cda89b362768a67f07749d55f128ac18a",
                "sha256:52bf0930903818e600ae6c2901f748bc4869c0c406056f679ab9614e5d21a166",
                "sha256:5a3f345acff76cad4aa9cb171ee76c590f37394186325d53d1aa25318b0d4a09",
                "sha256:5e7ac4e0e79a53451dc2814f6876c2fa6f71452de1498bbe29c0b54b69a986f4",
                "sha256:7242790ab6c20316b8e7bb545be48d7ed36e26bbe279fd56f2c4a12510e60b4b",
                "sha256:737bd70e454a284d456aa1fa71a0b429dd527bcbf52c5c33f7c8eee81ac16b89",
                "sha256:8635d53223b1f561b081ff4adecb828fd484b8efffe542edcfdff471997f7c39",
                "sha256:8b818b6c5a920cbe4203b5a6b14256f0e5244338244560da89b7b0f1313ea4b6",
                "sha256:8bf38641b4713d77da19e91f8b5296b832e4db87338d6aeffe422d42f1ca896d",
                "sha256:a36a48a51e5471513a5aea920cdad84cbd56d70a5057cca3499a637496ea379c",
                "sha256:b2243dd033fd02c01212ad5c601dafb44fbb293065f430b0d3dbf03f3254d615",
                "sha256:cc547d3ead3754712223abb7b403f0a184e4c3eae18c9bb7fd15adef1597cc4b",
                "sha256:cc552b6434b90d9dbed6a4f13339625dc466fd82597119897e9489c953acbc22",
                "sha256:f3790156c606299ff499ec44db422f66f05a7363b39eb9d5b064f17bd7d7c47b",
                "sha256:f7a21e3d99aa3095ef0553e7ceba36fb693998fbb1226f1392ce33681047465f",
                "sha256:fdc6b2cb4b19e431994f25a9160695cc59a4e861710cc6fc97161c5e845fc579"
            ],
            "index": "pypi",
            "version": "==5.4"
        },
        "selenium": {
            "hashes": [
                "sha256:2d7131d7bc5a5b99a2d9b04aaf2612c411b03b8ca1b1ee8d3de5845a9be2cb3c",
                "sha256:deaf32b60ad91a4611b98d8002757f29e6f2c2d5fcaf202e1c9ad06d6772300d"
            ],
            "index": "pypi",
            "version": "==3.141.0"
        },
        "sendgrid": {
            "hashes": [
                "sha256:4c04a660d25448d8d64092a8b0e4aa6eb18d70f358219ce45895a8067f967833",
                "sha256:850d37a45ce96a24435061a1e3333faf9a2d31fc6287b496867c8eee7a2486c7"
            ],
            "index": "pypi",
            "version": "==6.4.8"
        },
        "starkbank-ecdsa": {
            "hashes": [
                "sha256:f7b434b4a1e0ba082fb1804b908b79523973fd17b1fde377078857f7cee299d1"
            ],
            "version": "==1.1.1"
        },
        "urllib3": {
            "hashes": [
                "sha256:753a0374df26658f99d826cfe40394a686d05985786d946fbe4165b5148f5a7c",
                "sha256:a7acd0977125325f516bda9735fa7142b909a8d01e8b2e4c8108d0984e6e0098"
            ],
            "index": "pypi",
            "version": "==1.26.5"
        }
    },
    "develop": {}
}
